
Microsoft Visual Studio Solution File, Format Version 12.00
# Visual Studio Version 17
VisualStudioVersion = 17.5.33530.505
MinimumVisualStudioVersion = 10.0.40219.1
Project("{FAE04EC0-301F-11D3-BF4B-00C04F79EFBC}") = "CursoCSharp", "CursoCSharp\CursoCSharp.csproj", "{8507847C-D68E-40E7-A70E-59771947246D}"
EndProject
Global
	GlobalSection(SolutionConfigurationPlatforms) = preSolution
		Debug|Any CPU = Debug|Any CPU
		Release|Any CPU = Release|Any CPU
	EndGlobalSection
	GlobalSection(ProjectConfigurationPlatforms) = postSolution
		{8507847C-D68E-40E7-A70E-59771947246D}.Debug|Any CPU.ActiveCfg = Debug|Any CPU
		{8507847C-D68E-40E7-A70E-59771947246D}.Debug|Any CPU.Build.0 = Debug|Any CPU
		{8507847C-D68E-40E7-A70E-59771947246D}.Release|Any CPU.ActiveCfg = Release|Any CPU
		{8507847C-D68E-40E7-A70E-59771947246D}.Release|Any CPU.Build.0 = Release|Any CPU
	EndGlobalSection
	GlobalSection(SolutionProperties) = preSolution
		HideSolutionNode = FALSE
	EndGlobalSection
	GlobalSection(ExtensibilityGlobals) = postSolution
		SolutionGuid = {8F7ABE7F-441B-4403-B2F1-0C5C40AE03B1}
	EndGlobalSection
EndGlobal
